
Microsoft Visual Studio Solution File, Format Version 12.00
# Visual Studio Version 17
VisualStudioVersion = 17.14.36623.8 d17.14
MinimumVisualStudioVersion = 10.0.40219.1
Project("{FAE04EC0-301F-11D3-BF4B-00C04F79EFBC}") = "WpfInput", "WpfInput\WpfInput.csproj", "{A18B7CE4-0BA6-4FF0-9BAC-5AB2D3231492}"
EndProject
Global
	GlobalSection(SolutionConfigurationPlatforms) = preSolution
		Debug|Any CPU = Debug|Any CPU
		Release|Any CPU = Release|Any CPU
	EndGlobalSection
	GlobalSection(ProjectConfigurationPlatforms) = postSolution
		{A18B7CE4-0BA6-4FF0-9BAC-5AB2D3231492}.Debug|Any CPU.ActiveCfg = Debug|Any CPU
		{A18B7CE4-0BA6-4FF0-9BAC-5AB2D3231492}.Debug|Any CPU.Build.0 = Debug|Any CPU
		{A18B7CE4-0BA6-4FF0-9BAC-5AB2D3231492}.Release|Any CPU.ActiveCfg = Release|Any CPU
		{A18B7CE4-0BA6-4FF0-9BAC-5AB2D3231492}.Release|Any CPU.Build.0 = Release|Any CPU
	EndGlobalSection
	GlobalSection(SolutionProperties) = preSolution
		HideSolutionNode = FALSE
	EndGlobalSection
	GlobalSection(ExtensibilityGlobals) = postSolution
		SolutionGuid = {A91F8A5B-0A53-4FEE-AF53-11332CBF2E3F}
	EndGlobalSection
EndGlobal
